
Microsoft Visual Studio Solution File, Format Version 12.00
# Visual Studio Version 17
VisualStudioVersion = 17.7.34202.233
MinimumVisualStudioVersion = 10.0.40219.1
Project("{FAE04EC0-301F-11D3-BF4B-00C04F79EFBC}") = "ShowroomApi", "ShowroomApi\ShowroomApi.csproj", "{455E01B5-CD59-448D-83CB-A62F53F2B555}"
EndProject
Global
	GlobalSection(SolutionConfigurationPlatforms) = preSolution
		Debug|Any CPU = Debug|Any CPU
		Release|Any CPU = Release|Any CPU
	EndGlobalSection
	GlobalSection(ProjectConfigurationPlatforms) = postSolution
		{455E01B5-CD59-448D-83CB-A62F53F2B555}.Debug|Any CPU.ActiveCfg = Debug|Any CPU
		{455E01B5-CD59-448D-83CB-A62F53F2B555}.Debug|Any CPU.Build.0 = Debug|Any CPU
		{455E01B5-CD59-448D-83CB-A62F53F2B555}.Release|Any CPU.ActiveCfg = Release|Any CPU
		{455E01B5-CD59-448D-83CB-A62F53F2B555}.Release|Any CPU.Build.0 = Release|Any CPU
	EndGlobalSection
	GlobalSection(SolutionProperties) = preSolution
		HideSolutionNode = FALSE
	EndGlobalSection
	GlobalSection(ExtensibilityGlobals) = postSolution
		SolutionGuid = {7FFF0C3C-DA72-4182-B874-6788BB1F6CB7}
	EndGlobalSection
EndGlobal
